
Microsoft Visual Studio Solution File, Format Version 12.00
# Visual Studio Version 16
VisualStudioVersion = 16.0.31019.35
MinimumVisualStudioVersion = 10.0.40219.1
Project("{FAE04EC0-301F-11D3-BF4B-00C04F79EFBC}") = "Spinutech", "Spinutech.csproj", "{610C895E-A105-45E7-AE87-59A59E77AC90}"
EndProject
Global
	GlobalSection(SolutionConfigurationPlatforms) = preSolution
		Debug|Any CPU = Debug|Any CPU
		Release|Any CPU = Release|Any CPU
	EndGlobalSection
	GlobalSection(ProjectConfigurationPlatforms) = postSolution
		{610C895E-A105-45E7-AE87-59A59E77AC90}.Debug|Any CPU.ActiveCfg = Debug|Any CPU
		{610C895E-A105-45E7-AE87-59A59E77AC90}.Debug|Any CPU.Build.0 = Debug|Any CPU
		{610C895E-A105-45E7-AE87-59A59E77AC90}.Release|Any CPU.ActiveCfg = Release|Any CPU
		{610C895E-A105-45E7-AE87-59A59E77AC90}.Release|Any CPU.Build.0 = Release|Any CPU
	EndGlobalSection
	GlobalSection(SolutionProperties) = preSolution
		HideSolutionNode = FALSE
	EndGlobalSection
	GlobalSection(ExtensibilityGlobals) = postSolution
		SolutionGuid = {B627E0E7-9783-4243-BB81-661112586209}
	EndGlobalSection
EndGlobal
